
Microsoft Visual Studio Solution File, Format Version 12.00
# Visual Studio Version 17
VisualStudioVersion = 17.13.35919.96 d17.13
MinimumVisualStudioVersion = 10.0.40219.1
Project("{FAE04EC0-301F-11D3-BF4B-00C04F79EFBC}") = "GestorMotosRetenidas", "GestorMotosRetenidas.csproj", "{19BB80E5-E4F4-416B-B2E7-C77C2B06BD77}"
EndProject
Global
	GlobalSection(SolutionConfigurationPlatforms) = preSolution
		Debug|Any CPU = Debug|Any CPU
		Release|Any CPU = Release|Any CPU
	EndGlobalSection
	GlobalSection(ProjectConfigurationPlatforms) = postSolution
		{19BB80E5-E4F4-416B-B2E7-C77C2B06BD77}.Debug|Any CPU.ActiveCfg = Debug|Any CPU
		{19BB80E5-E4F4-416B-B2E7-C77C2B06BD77}.Debug|Any CPU.Build.0 = Debug|Any CPU
		{19BB80E5-E4F4-416B-B2E7-C77C2B06BD77}.Release|Any CPU.ActiveCfg = Release|Any CPU
		{19BB80E5-E4F4-416B-B2E7-C77C2B06BD77}.Release|Any CPU.Build.0 = Release|Any CPU
	EndGlobalSection
	GlobalSection(SolutionProperties) = preSolution
		HideSolutionNode = FALSE
	EndGlobalSection
	GlobalSection(ExtensibilityGlobals) = postSolution
		SolutionGuid = {CAF91B30-D36E-4F1B-9C02-B1F556B033CE}
	EndGlobalSection
EndGlobal
